
Microsoft Visual Studio Solution File, Format Version 12.00
# Visual Studio 15
VisualStudioVersion = 15.0.28010.2046
MinimumVisualStudioVersion = 10.0.40219.1
Project("{888888A0-9F3D-457C-B088-3A5042F75D52}") = "code", "code.pyproj", "{433204CA-C668-4A15-ACB8-933022C2D22A}"
EndProject
Global
	GlobalSection(SolutionConfigurationPlatforms) = preSolution
		Debug|Any CPU = Debug|Any CPU
		Release|Any CPU = Release|Any CPU
	EndGlobalSection
	GlobalSection(ProjectConfigurationPlatforms) = postSolution
		{433204CA-C668-4A15-ACB8-933022C2D22A}.Debug|Any CPU.ActiveCfg = Debug|Any CPU
		{433204CA-C668-4A15-ACB8-933022C2D22A}.Release|Any CPU.ActiveCfg = Release|Any CPU
	EndGlobalSection
	GlobalSection(SolutionProperties) = preSolution
		HideSolutionNode = FALSE
	EndGlobalSection
	GlobalSection(ExtensibilityGlobals) = postSolution
		SolutionGuid = {F3929F5C-2ECC-4AF9-9C5E-C670D7F3D5F2}
	EndGlobalSection
EndGlobal
